
Microsoft Visual Studio Solution File, Format Version 12.00
# Visual Studio Version 16
VisualStudioVersion = 16.0.31129.286
MinimumVisualStudioVersion = 10.0.40219.1
Project("{2150E333-8FDC-42A3-9474-1A3956D46DE8}") = "_tests", "_tests", "{421D4974-14D6-43AF-B00F-9AE19E11531D}"
EndProject
Project("{2150E333-8FDC-42A3-9474-1A3956D46DE8}") = "core", "core", "{10167E8D-31E1-42A2-9E00-4E3A63E2D446}"
EndProject
Project("{9A19103F-16F7-4668-BE54-9A1E7A4F7556}") = "bam.net.analytics.core.tests", "_tests\core\bam.net.analytics.core.tests\bam.net.analytics.core.tests.csproj", "{057C191F-D5B9-43CE-A354-F44127AB01C9}"
EndProject
Project("{9A19103F-16F7-4668-BE54-9A1E7A4F7556}") = "bam.net.automation.core.tests", "_tests\core\bam.net.automation.core.tests\bam.net.automation.core.tests.csproj", "{5B08287F-D1CE-44A5-B79A-F21EEF9E2596}"
EndProject
Project("{9A19103F-16F7-4668-BE54-9A1E7A4F7556}") = "bam.net.caching.core.tests", "_tests\core\bam.net.caching.core.tests\bam.net.caching.core.tests.csproj", "{E03DA25B-69D6-4183-8C0D-95DEBCC8C124}"
EndProject
Project("{9A19103F-16F7-4668-BE54-9A1E7A4F7556}") = "bam.net.coreservices.core.tests", "_tests\core\bam.net.coreservices.core.tests\bam.net.coreservices.core.tests.csproj", "{F3C114CA-B4F1-483C-BC80-FA6FAAB9B4C8}"
EndProject
Project("{9A19103F-16F7-4668-BE54-9A1E7A4F7556}") = "bam.net.serviceproxy.core.tests", "_tests\core\bam.net.serviceproxy.core.tests\bam.net.serviceproxy.core.tests.csproj", "{C005C6B5-B274-41A5-8D37-76BF650ECE20}"
EndProject
Project("{9A19103F-16F7-4668-BE54-9A1E7A4F7556}") = "bam.net.data.repositories.core.tests", "_tests\core\bam.net.data.repositories.core.tests\bam.net.data.repositories.core.tests.csproj", "{1D490DE1-882C-4D1C-8873-2D4F64F22471}"
EndProject
Project("{9A19103F-16F7-4668-BE54-9A1E7A4F7556}") = "bam.net.core", "_lib\bam.net.core\bam.net.core.csproj", "{BD291FF9-B08D-440A-90DB-53EB2F6D9023}"
EndProject
Project("{9A19103F-16F7-4668-BE54-9A1E7A4F7556}") = "daoref", "_tests\daoref\daoref.csproj", "{3CC9A65C-6A58-46C6-B947-2397574553D6}"
EndProject
Project("{2150E333-8FDC-42A3-9474-1A3956D46DE8}") = "_daoref", "_daoref", "{1DDF084D-7C9B-4C3F-89D7-DFACCAEA7782}"
EndProject
Project("{D954291E-2A0B-460D-934E-DC6B0785DB48}") = "bam.net.tests.shared", "_tests\shared\bam.net.tests.shared\bam.net.tests.shared.shproj", "{BB169710-5CE7-4957-A2C7-1F570E2CD9C8}"
EndProject
Project("{9A19103F-16F7-4668-BE54-9A1E7A4F7556}") = "bam.net.data.core.tests", "_tests\core\bam.net.data.core.tests\bam.net.data.core.tests.csproj", "{46379E29-CA40-48BA-B007-A4199DADAE65}"
EndProject
Project("{9A19103F-16F7-4668-BE54-9A1E7A4F7556}") = "bam.net.encryption.core.tests", "_tests\core\bam.net.encryption.core.tests\bam.net.encryption.core.tests.csproj", "{7BF76A35-6BC1-4BF9-A39C-144E45683F74}"
EndProject
Project("{9A19103F-16F7-4668-BE54-9A1E7A4F7556}") = "bam.net.messaging.core.tests", "_tests\core\bam.net.messaging.core.tests\bam.net.messaging.core.tests.csproj", "{0FC860CF-E16D-49D0-A228-03191ED2D150}"
EndProject
Project("{9A19103F-16F7-4668-BE54-9A1E7A4F7556}") = "bam.net.presentation.core.tests", "_tests\core\bam.net.presentation.core.tests\bam.net.presentation.core.tests.csproj", "{8A808A14-38B0-408A-82AC-A813DA3AF9FD}"
EndProject
Project("{9A19103F-16F7-4668-BE54-9A1E7A4F7556}") = "bam.net.incubation.core.tests", "_tests\core\bam.net.incubation.core.tests\bam.net.incubation.core.tests.csproj", "{A33931FE-FAA8-4179-8BDE-1B3E3FF9822E}"
EndProject
Project("{9A19103F-16F7-4668-BE54-9A1E7A4F7556}") = "bam.net.profiguration.core.tests", "_tests\core\bam.net.profiguration.core.tests\bam.net.profiguration.core.tests.csproj", "{996D81EB-C8D2-4973-9673-F3272FFCD674}"
EndProject
Project("{9A19103F-16F7-4668-BE54-9A1E7A4F7556}") = "bam.net.server.core.tests", "_tests\core\bam.net.server.core.tests\bam.net.server.core.tests.csproj", "{6B77110C-C6DA-4C0F-9C7C-168F11173793}"
EndProject
Project("{9A19103F-16F7-4668-BE54-9A1E7A4F7556}") = "bam.net.services.core.tests", "_tests\core\bam.net.services.core.tests\bam.net.services.core.tests.csproj", "{2673772C-63DC-4537-924A-614EE8D2E9F8}"
EndProject
Project("{9A19103F-16F7-4668-BE54-9A1E7A4F7556}") = "bam.net.core.tests", "_tests\core\bam.net.core.tests\bam.net.core.tests.csproj", "{939BED52-11C2-40E5-A4D0-E95875DC7F34}"
EndProject
Project("{9A19103F-16F7-4668-BE54-9A1E7A4F7556}") = "bam.net.translation.core.tests", "_tests\core\bam.net.translation.core.tests\bam.net.translation.core.tests.csproj", "{6A8C8D97-6ECD-422A-9958-9B639C7E7C9A}"
EndProject
Project("{9A19103F-16F7-4668-BE54-9A1E7A4F7556}") = "bam.net.useraccounts.core.tests", "_tests\core\bam.net.useraccounts.core.tests\bam.net.useraccounts.core.tests.csproj", "{2D33E17E-6E9F-4C54-9C43-E60A23DA3339}"
EndProject
Project("{2150E333-8FDC-42A3-9474-1A3956D46DE8}") = "Solution Items", "Solution Items", "{0B7A6C3C-C0EA-4F5F-86BD-AEF5C85D2C34}"
	ProjectSection(SolutionItems) = preProject
		Bam.Net\nuget.config = Bam.Net\nuget.config
	EndProjectSection
EndProject
Project("{2150E333-8FDC-42A3-9474-1A3956D46DE8}") = "shared", "shared", "{3B6711D4-73E8-4D42-8E61-2C0A6264E160}"
EndProject
Project("{D954291E-2A0B-460D-934E-DC6B0785DB48}") = "bam.net.shared", "shared\bam.net.shared\bam.net.shared.shproj", "{8F2CB78E-8C2E-45C6-97A0-C38F60A85E98}"
EndProject
Project("{2150E333-8FDC-42A3-9474-1A3956D46DE8}") = "_tools", "_tools", "{E3A4B844-93F2-44C1-8744-681904AE9FF6}"
EndProject
Project("{9A19103F-16F7-4668-BE54-9A1E7A4F7556}") = "breve", "_tools\breve\breve.csproj", "{C8BC52A0-0A78-4941-ACAE-FFA8A053F2F7}"
EndProject
Project("{9A19103F-16F7-4668-BE54-9A1E7A4F7556}") = "bamapi", "_tools\bamapi\bamapi.csproj", "{A492B452-40D9-4BCF-8DD6-5818F8913B8C}"
EndProject
Project("{9A19103F-16F7-4668-BE54-9A1E7A4F7556}") = "bamtest", "_tools\bamtest\bamtest.csproj", "{F7E54726-B7EC-4838-B7D1-97B132BFF6A6}"
EndProject
Project("{9A19103F-16F7-4668-BE54-9A1E7A4F7556}") = "laotze", "_tools\laotze\laotze.csproj", "{AF5292C8-0CC1-496D-A171-58E16B166137}"
EndProject
Project("{9A19103F-16F7-4668-BE54-9A1E7A4F7556}") = "bamd", "_tools\bamd\bamd.csproj", "{130DC453-D7FD-459F-BB3E-C8D057C67DCE}"
EndProject
Project("{9A19103F-16F7-4668-BE54-9A1E7A4F7556}") = "bake", "_tools\bake\bake.csproj", "{4E19AEB9-08A1-4808-A7B0-82052754775E}"
EndProject
Project("{FAE04EC0-301F-11D3-BF4B-00C04F79EFBC}") = "bamdb", "_tools\bamdb\bamdb.csproj", "{E35A87A2-6D65-4FFD-8E3D-385EAE7741F4}"
EndProject
Project("{9A19103F-16F7-4668-BE54-9A1E7A4F7556}") = "masuco", "_tools\masuco\masuco.csproj", "{8CA9A682-C33B-4DC7-95DC-1F73851FB369}"
EndProject
Project("{2150E333-8FDC-42A3-9474-1A3956D46DE8}") = "_lib", "_lib", "{A2DAC819-AB50-4D55-80DF-2D43602ED282}"
EndProject
Project("{9A19103F-16F7-4668-BE54-9A1E7A4F7556}") = "bam.net.presentation", "_lib\bam.net.presentation\bam.net.presentation.csproj", "{8907D612-A429-4D16-93F4-EFDEAC99BF58}"
EndProject
Project("{9A19103F-16F7-4668-BE54-9A1E7A4F7556}") = "adhoc", "_lib\adhoc\adhoc.csproj", "{15B81E40-4F7B-4ADB-B256-B3B4D11D3D9A}"
EndProject
Project("{9A19103F-16F7-4668-BE54-9A1E7A4F7556}") = "bamweb", "_tools\bamweb\bamweb.csproj", "{B38AD7A5-6B04-4DE9-A1C5-305CA6D71E54}"
EndProject
Project("{9A19103F-16F7-4668-BE54-9A1E7A4F7556}") = "bam.net.aws", "_lib\bam.net.aws\bam.net.aws.csproj", "{D721C0FC-8436-41C5-9F1E-F1B0DD2186F2}"
EndProject
Project("{9A19103F-16F7-4668-BE54-9A1E7A4F7556}") = "bam.net.aws.tests", "_tests\_lib\bam.net.aws.tests\bam.net.aws.tests.csproj", "{4858207D-E761-4D0F-85AB-241B543B74ED}"
EndProject
Project("{2150E333-8FDC-42A3-9474-1A3956D46DE8}") = "_lib", "_lib", "{25536030-FDAB-4C28-B531-DB0944D91555}"
EndProject
Project("{9A19103F-16F7-4668-BE54-9A1E7A4F7556}") = "bam.net.data.integration.core.tests", "_tests\core\bam.net.data.integration.core.tests\bam.net.data.integration.core.tests.csproj", "{DCCA743F-0343-4480-8A5D-2F6971BECA74}"
EndProject
Project("{9A19103F-16F7-4668-BE54-9A1E7A4F7556}") = "bam.net.schema.json.tests", "_tests\core\bam.net.schema.json.tests\bam.net.schema.json.tests.csproj", "{A13A0BED-FED2-44F4-A8F8-5A2C66857C8F}"
EndProject
Project("{9A19103F-16F7-4668-BE54-9A1E7A4F7556}") = "bam.net.data.graphql", "_lib\bam.net.data.graphql\bam.net.data.graphql.csproj", "{052D4A8F-221E-4B90-AA9E-CE9873066196}"
EndProject
Project("{9A19103F-16F7-4668-BE54-9A1E7A4F7556}") = "bam.net.data.dynamic", "_lib\bam.net.data.dynamic\bam.net.data.dynamic.csproj", "{0D63D9C6-74A4-4083-83F1-99C7E628990C}"
EndProject
Project("{9A19103F-16F7-4668-BE54-9A1E7A4F7556}") = "bam.tests", "_tests\_tools\bam.tests\bam.tests.csproj", "{07BA5660-CD73-49AF-8D58-18BA65CAEF8B}"
EndProject
Project("{2150E333-8FDC-42A3-9474-1A3956D46DE8}") = "_tools", "_tools", "{D2A60212-CDED-4EDF-A4A8-F8817AC8E98B}"
EndProject
Project("{9A19103F-16F7-4668-BE54-9A1E7A4F7556}") = "bam.remote", "_lib\bam.remote\bam.remote.csproj", "{F6E7279E-C695-4F26-BEE4-9BC8858624C6}"
EndProject
Project("{FAE04EC0-301F-11D3-BF4B-00C04F79EFBC}") = "bam", "_tools\bam\bam.csproj", "{37E12693-1F03-4A95-AE7C-5C9DA30F8328}"
EndProject
Project("{9A19103F-16F7-4668-BE54-9A1E7A4F7556}") = "bamsdo", "_tools\bamsdo\bamsdo.csproj", "{4D314805-C106-454B-907B-22FB81AFCD8E}"
EndProject
Global
	GlobalSection(SharedMSBuildProjectFiles) = preSolution
		_tests\shared\bam.net.tests.shared\bam.net.tests.shared.projitems*{2673772c-63dc-4537-924a-614ee8d2e9f8}*SharedItemsImports = 5
		_tools\bamsdo\bam.net.schema.org\bam.net.schema.org.projitems*{4d314805-c106-454b-907b-22fb81afcd8e}*SharedItemsImports = 5
		shared\bam.net.shared\bam.net.shared.projitems*{8f2cb78e-8c2e-45c6-97a0-c38f60a85e98}*SharedItemsImports = 13
		_tests\shared\bam.net.tests.shared\bam.net.tests.shared.projitems*{bb169710-5ce7-4957-a2c7-1f570e2cd9c8}*SharedItemsImports = 13
		shared\bam.net.shared\bam.net.shared.projitems*{bd291ff9-b08d-440a-90db-53eb2f6d9023}*SharedItemsImports = 5
		_tests\shared\bam.net.tests.shared\bam.net.tests.shared.projitems*{c005c6b5-b274-41a5-8d37-76bf650ece20}*SharedItemsImports = 5
	EndGlobalSection
	GlobalSection(SolutionConfigurationPlatforms) = preSolution
		Debug|Any CPU = Debug|Any CPU
		Debug|x64 = Debug|x64
		Debug|x86 = Debug|x86
		Release|Any CPU = Release|Any CPU
		Release|x64 = Release|x64
		Release|x86 = Release|x86
	EndGlobalSection
	GlobalSection(ProjectConfigurationPlatforms) = postSolution
		{057C191F-D5B9-43CE-A354-F44127AB01C9}.Debug|Any CPU.ActiveCfg = Debug|Any CPU
		{057C191F-D5B9-43CE-A354-F44127AB01C9}.Debug|Any CPU.Build.0 = Debug|Any CPU
		{057C191F-D5B9-43CE-A354-F44127AB01C9}.Debug|x64.ActiveCfg = Debug|Any CPU
		{057C191F-D5B9-43CE-A354-F44127AB01C9}.Debug|x64.Build.0 = Debug|Any CPU
		{057C191F-D5B9-43CE-A354-F44127AB01C9}.Debug|x86.ActiveCfg = Debug|Any CPU
		{057C191F-D5B9-43CE-A354-F44127AB01C9}.Debug|x86.Build.0 = Debug|Any CPU
		{057C191F-D5B9-43CE-A354-F44127AB01C9}.Release|Any CPU.ActiveCfg = Release|Any CPU
		{057C191F-D5B9-43CE-A354-F44127AB01C9}.Release|Any CPU.Build.0 = Release|Any CPU
		{057C191F-D5B9-43CE-A354-F44127AB01C9}.Release|x64.ActiveCfg = Release|Any CPU
		{057C191F-D5B9-43CE-A354-F44127AB01C9}.Release|x64.Build.0 = Release|Any CPU
		{057C191F-D5B9-43CE-A354-F44127AB01C9}.Release|x86.ActiveCfg = Release|Any CPU
		{057C191F-D5B9-43CE-A354-F44127AB01C9}.Release|x86.Build.0 = Release|Any CPU
		{5B08287F-D1CE-44A5-B79A-F21EEF9E2596}.Debug|Any CPU.ActiveCfg = Debug|Any CPU
		{5B08287F-D1CE-44A5-B79A-F21EEF9E2596}.Debug|Any CPU.Build.0 = Debug|Any CPU
		{5B08287F-D1CE-44A5-B79A-F21EEF9E2596}.Debug|x64.ActiveCfg = Debug|Any CPU
		{5B08287F-D1CE-44A5-B79A-F21EEF9E2596}.Debug|x64.Build.0 = Debug|Any CPU
		{5B08287F-D1CE-44A5-B79A-F21EEF9E2596}.Debug|x86.ActiveCfg = Debug|Any CPU
		{5B08287F-D1CE-44A5-B79A-F21EEF9E2596}.Debug|x86.Build.0 = Debug|Any CPU
		{5B08287F-D1CE-44A5-B79A-F21EEF9E2596}.Release|Any CPU.ActiveCfg = Release|Any CPU
		{5B08287F-D1CE-44A5-B79A-F21EEF9E2596}.Release|Any CPU.Build.0 = Release|Any CPU
		{5B08287F-D1CE-44A5-B79A-F21EEF9E2596}.Release|x64.ActiveCfg = Release|Any CPU
		{5B08287F-D1CE-44A5-B79A-F21EEF9E2596}.Release|x64.Build.0 = Release|Any CPU
		{5B08287F-D1CE-44A5-B79A-F21EEF9E2596}.Release|x86.ActiveCfg = Release|Any CPU
		{5B08287F-D1CE-44A5-B79A-F21EEF9E2596}.Release|x86.Build.0 = Release|Any CPU
		{E03DA25B-69D6-4183-8C0D-95DEBCC8C124}.Debug|Any CPU.ActiveCfg = Debug|Any CPU
		{E03DA25B-69D6-4183-8C0D-95DEBCC8C124}.Debug|Any CPU.Build.0 = Debug|Any CPU
		{E03DA25B-69D6-4183-8C0D-95DEBCC8C124}.Debug|x64.ActiveCfg = Debug|Any CPU
		{E03DA25B-69D6-4183-8C0D-95DEBCC8C124}.Debug|x64.Build.0 = Debug|Any CPU
		{E03DA25B-69D6-4183-8C0D-95DEBCC8C124}.Debug|x86.ActiveCfg = Debug|Any CPU
		{E03DA25B-69D6-4183-8C0D-95DEBCC8C124}.Debug|x86.Build.0 = Debug|Any CPU
		{E03DA25B-69D6-4183-8C0D-95DEBCC8C124}.Release|Any CPU.ActiveCfg = Release|Any CPU
		{E03DA25B-69D6-4183-8C0D-95DEBCC8C124}.Release|Any CPU.Build.0 = Release|Any CPU
		{E03DA25B-69D6-4183-8C0D-95DEBCC8C124}.Release|x64.ActiveCfg = Release|Any CPU
		{E03DA25B-69D6-4183-8C0D-95DEBCC8C124}.Release|x64.Build.0 = Release|Any CPU
		{E03DA25B-69D6-4183-8C0D-95DEBCC8C124}.Release|x86.ActiveCfg = Release|Any CPU
		{E03DA25B-69D6-4183-8C0D-95DEBCC8C124}.Release|x86.Build.0 = Release|Any CPU
		{F3C114CA-B4F1-483C-BC80-FA6FAAB9B4C8}.Debug|Any CPU.ActiveCfg = Debug|Any CPU
		{F3C114CA-B4F1-483C-BC80-FA6FAAB9B4C8}.Debug|Any CPU.Build.0 = Debug|Any CPU
		{F3C114CA-B4F1-483C-BC80-FA6FAAB9B4C8}.Debug|x64.ActiveCfg = Debug|Any CPU
		{F3C114CA-B4F1-483C-BC80-FA6FAAB9B4C8}.Debug|x64.Build.0 = Debug|Any CPU
		{F3C114CA-B4F1-483C-BC80-FA6FAAB9B4C8}.Debug|x86.ActiveCfg = Debug|Any CPU
		{F3C114CA-B4F1-483C-BC80-FA6FAAB9B4C8}.Debug|x86.Build.0 = Debug|Any CPU
		{F3C114CA-B4F1-483C-BC80-FA6FAAB9B4C8}.Release|Any CPU.ActiveCfg = Release|Any CPU
		{F3C114CA-B4F1-483C-BC80-FA6FAAB9B4C8}.Release|Any CPU.Build.0 = Release|Any CPU
		{F3C114CA-B4F1-483C-BC80-FA6FAAB9B4C8}.Release|x64.ActiveCfg = Release|Any CPU
		{F3C114CA-B4F1-483C-BC80-FA6FAAB9B4C8}.Release|x64.Build.0 = Release|Any CPU
		{F3C114CA-B4F1-483C-BC80-FA6FAAB9B4C8}.Release|x86.ActiveCfg = Release|Any CPU
		{F3C114CA-B4F1-483C-BC80-FA6FAAB9B4C8}.Release|x86.Build.0 = Release|Any CPU
		{C005C6B5-B274-41A5-8D37-76BF650ECE20}.Debug|Any CPU.ActiveCfg = Debug|Any CPU
		{C005C6B5-B274-41A5-8D37-76BF650ECE20}.Debug|Any CPU.Build.0 = Debug|Any CPU
		{C005C6B5-B274-41A5-8D37-76BF650ECE20}.Debug|x64.ActiveCfg = Debug|Any CPU
		{C005C6B5-B274-41A5-8D37-76BF650ECE20}.Debug|x64.Build.0 = Debug|Any CPU
		{C005C6B5-B274-41A5-8D37-76BF650ECE20}.Debug|x86.ActiveCfg = Debug|Any CPU
		{C005C6B5-B274-41A5-8D37-76BF650ECE20}.Debug|x86.Build.0 = Debug|Any CPU
		{C005C6B5-B274-41A5-8D37-76BF650ECE20}.Release|Any CPU.ActiveCfg = Release|Any CPU
		{C005C6B5-B274-41A5-8D37-76BF650ECE20}.Release|Any CPU.Build.0 = Release|Any CPU
		{C005C6B5-B274-41A5-8D37-76BF650ECE20}.Release|x64.ActiveCfg = Release|Any CPU
		{C005C6B5-B274-41A5-8D37-76BF650ECE20}.Release|x64.Build.0 = Release|Any CPU
		{C005C6B5-B274-41A5-8D37-76BF650ECE20}.Release|x86.ActiveCfg = Release|Any CPU
		{C005C6B5-B274-41A5-8D37-76BF650ECE20}.Release|x86.Build.0 = Release|Any CPU
		{1D490DE1-882C-4D1C-8873-2D4F64F22471}.Debug|Any CPU.ActiveCfg = Debug|Any CPU
		{1D490DE1-882C-4D1C-8873-2D4F64F22471}.Debug|Any CPU.Build.0 = Debug|Any CPU
		{1D490DE1-882C-4D1C-8873-2D4F64F22471}.Debug|x64.ActiveCfg = Debug|Any CPU
		{1D490DE1-882C-4D1C-8873-2D4F64F22471}.Debug|x64.Build.0 = Debug|Any CPU
		{1D490DE1-882C-4D1C-8873-2D4F64F22471}.Debug|x86.ActiveCfg = Debug|Any CPU
		{1D490DE1-882C-4D1C-8873-2D4F64F22471}.Debug|x86.Build.0 = Debug|Any CPU
		{1D490DE1-882C-4D1C-8873-2D4F64F22471}.Release|Any CPU.ActiveCfg = Release|Any CPU
		{1D490DE1-882C-4D1C-8873-2D4F64F22471}.Release|Any CPU.Build.0 = Release|Any CPU
		{1D490DE1-882C-4D1C-8873-2D4F64F22471}.Release|x64.ActiveCfg = Release|Any CPU
		{1D490DE1-882C-4D1C-8873-2D4F64F22471}.Release|x64.Build.0 = Release|Any CPU
		{1D490DE1-882C-4D1C-8873-2D4F64F22471}.Release|x86.ActiveCfg = Release|Any CPU
		{1D490DE1-882C-4D1C-8873-2D4F64F22471}.Release|x86.Build.0 = Release|Any CPU
		{BD291FF9-B08D-440A-90DB-53EB2F6D9023}.Debug|Any CPU.ActiveCfg = Debug|Any CPU
		{BD291FF9-B08D-440A-90DB-53EB2F6D9023}.Debug|Any CPU.Build.0 = Debug|Any CPU
		{BD291FF9-B08D-440A-90DB-53EB2F6D9023}.Debug|x64.ActiveCfg = Debug|Any CPU
		{BD291FF9-B08D-440A-90DB-53EB2F6D9023}.Debug|x64.Build.0 = Debug|Any CPU
		{BD291FF9-B08D-440A-90DB-53EB2F6D9023}.Debug|x86.ActiveCfg = Debug|Any CPU
		{BD291FF9-B08D-440A-90DB-53EB2F6D9023}.Debug|x86.Build.0 = Debug|Any CPU
		{BD291FF9-B08D-440A-90DB-53EB2F6D9023}.Release|Any CPU.ActiveCfg = Release|Any CPU
		{BD291FF9-B08D-440A-90DB-53EB2F6D9023}.Release|Any CPU.Build.0 = Release|Any CPU
		{BD291FF9-B08D-440A-90DB-53EB2F6D9023}.Release|x64.ActiveCfg = Release|Any CPU
		{BD291FF9-B08D-440A-90DB-53EB2F6D9023}.Release|x64.Build.0 = Release|Any CPU
		{BD291FF9-B08D-440A-90DB-53EB2F6D9023}.Release|x86.ActiveCfg = Release|Any CPU
		{BD291FF9-B08D-440A-90DB-53EB2F6D9023}.Release|x86.Build.0 = Release|Any CPU
		{3CC9A65C-6A58-46C6-B947-2397574553D6}.Debug|Any CPU.ActiveCfg = Debug|Any CPU
		{3CC9A65C-6A58-46C6-B947-2397574553D6}.Debug|Any CPU.Build.0 = Debug|Any CPU
		{3CC9A65C-6A58-46C6-B947-2397574553D6}.Debug|x64.ActiveCfg = Debug|Any CPU
		{3CC9A65C-6A58-46C6-B947-2397574553D6}.Debug|x64.Build.0 = Debug|Any CPU
		{3CC9A65C-6A58-46C6-B947-2397574553D6}.Debug|x86.ActiveCfg = Debug|Any CPU
		{3CC9A65C-6A58-46C6-B947-2397574553D6}.Debug|x86.Build.0 = Debug|Any CPU
		{3CC9A65C-6A58-46C6-B947-2397574553D6}.Release|Any CPU.ActiveCfg = Release|Any CPU
		{3CC9A65C-6A58-46C6-B947-2397574553D6}.Release|Any CPU.Build.0 = Release|Any CPU
		{3CC9A65C-6A58-46C6-B947-2397574553D6}.Release|x64.ActiveCfg = Release|Any CPU
		{3CC9A65C-6A58-46C6-B947-2397574553D6}.Release|x64.Build.0 = Release|Any CPU
		{3CC9A65C-6A58-46C6-B947-2397574553D6}.Release|x86.ActiveCfg = Release|Any CPU
		{3CC9A65C-6A58-46C6-B947-2397574553D6}.Release|x86.Build.0 = Release|Any CPU
		{46379E29-CA40-48BA-B007-A4199DADAE65}.Debug|Any CPU.ActiveCfg = Debug|Any CPU
		{46379E29-CA40-48BA-B007-A4199DADAE65}.Debug|Any CPU.Build.0 = Debug|Any CPU
		{46379E29-CA40-48BA-B007-A4199DADAE65}.Debug|x64.ActiveCfg = Debug|Any CPU
		{46379E29-CA40-48BA-B007-A4199DADAE65}.Debug|x64.Build.0 = Debug|Any CPU
		{46379E29-CA40-48BA-B007-A4199DADAE65}.Debug|x86.ActiveCfg = Debug|Any CPU
		{46379E29-CA40-48BA-B007-A4199DADAE65}.Debug|x86.Build.0 = Debug|Any CPU
		{46379E29-CA40-48BA-B007-A4199DADAE65}.Release|Any CPU.ActiveCfg = Release|Any CPU
		{46379E29-CA40-48BA-B007-A4199DADAE65}.Release|Any CPU.Build.0 = Release|Any CPU
		{46379E29-CA40-48BA-B007-A4199DADAE65}.Release|x64.ActiveCfg = Release|Any CPU
		{46379E29-CA40-48BA-B007-A4199DADAE65}.Release|x64.Build.0 = Release|Any CPU
		{46379E29-CA40-48BA-B007-A4199DADAE65}.Release|x86.ActiveCfg = Release|Any CPU
		{46379E29-CA40-48BA-B007-A4199DADAE65}.Release|x86.Build.0 = Release|Any CPU
		{7BF76A35-6BC1-4BF9-A39C-144E45683F74}.Debug|Any CPU.ActiveCfg = Debug|Any CPU
		{7BF76A35-6BC1-4BF9-A39C-144E45683F74}.Debug|Any CPU.Build.0 = Debug|Any CPU
		{7BF76A35-6BC1-4BF9-A39C-144E45683F74}.Debug|x64.ActiveCfg = Debug|Any CPU
		{7BF76A35-6BC1-4BF9-A39C-144E45683F74}.Debug|x64.Build.0 = Debug|Any CPU
		{7BF76A35-6BC1-4BF9-A39C-144E45683F74}.Debug|x86.ActiveCfg = Debug|Any CPU
		{7BF76A35-6BC1-4BF9-A39C-144E45683F74}.Debug|x86.Build.0 = Debug|Any CPU
		{7BF76A35-6BC1-4BF9-A39C-144E45683F74}.Release|Any CPU.ActiveCfg = Release|Any CPU
		{7BF76A35-6BC1-4BF9-A39C-144E45683F74}.Release|Any CPU.Build.0 = Release|Any CPU
		{7BF76A35-6BC1-4BF9-A39C-144E45683F74}.Release|x64.ActiveCfg = Release|Any CPU
		{7BF76A35-6BC1-4BF9-A39C-144E45683F74}.Release|x64.Build.0 = Release|Any CPU
		{7BF76A35-6BC1-4BF9-A39C-144E45683F74}.Release|x86.ActiveCfg = Release|Any CPU
		{7BF76A35-6BC1-4BF9-A39C-144E45683F74}.Release|x86.Build.0 = Release|Any CPU
		{0FC860CF-E16D-49D0-A228-03191ED2D150}.Debug|Any CPU.ActiveCfg = Debug|Any CPU
		{0FC860CF-E16D-49D0-A228-03191ED2D150}.Debug|Any CPU.Build.0 = Debug|Any CPU
		{0FC860CF-E16D-49D0-A228-03191ED2D150}.Debug|x64.ActiveCfg = Debug|Any CPU
		{0FC860CF-E16D-49D0-A228-03191ED2D150}.Debug|x64.Build.0 = Debug|Any CPU
		{0FC860CF-E16D-49D0-A228-03191ED2D150}.Debug|x86.ActiveCfg = Debug|Any CPU
		{0FC860CF-E16D-49D0-A228-03191ED2D150}.Debug|x86.Build.0 = Debug|Any CPU
		{0FC860CF-E16D-49D0-A228-03191ED2D150}.Release|Any CPU.ActiveCfg = Release|Any CPU
		{0FC860CF-E16D-49D0-A228-03191ED2D150}.Release|Any CPU.Build.0 = Release|Any CPU
		{0FC860CF-E16D-49D0-A228-03191ED2D150}.Release|x64.ActiveCfg = Release|Any CPU
		{0FC860CF-E16D-49D0-A228-03191ED2D150}.Release|x64.Build.0 = Release|Any CPU
		{0FC860CF-E16D-49D0-A228-03191ED2D150}.Release|x86.ActiveCfg = Release|Any CPU
		{0FC860CF-E16D-49D0-A228-03191ED2D150}.Release|x86.Build.0 = Release|Any CPU
		{8A808A14-38B0-408A-82AC-A813DA3AF9FD}.Debug|Any CPU.ActiveCfg = Debug|Any CPU
		{8A808A14-38B0-408A-82AC-A813DA3AF9FD}.Debug|Any CPU.Build.0 = Debug|Any CPU
		{8A808A14-38B0-408A-82AC-A813DA3AF9FD}.Debug|x64.ActiveCfg = Debug|Any CPU
		{8A808A14-38B0-408A-82AC-A813DA3AF9FD}.Debug|x64.Build.0 = Debug|Any CPU
		{8A808A14-38B0-408A-82AC-A813DA3AF9FD}.Debug|x86.ActiveCfg = Debug|Any CPU
		{8A808A14-38B0-408A-82AC-A813DA3AF9FD}.Debug|x86.Build.0 = Debug|Any CPU
		{8A808A14-38B0-408A-82AC-A813DA3AF9FD}.Release|Any CPU.ActiveCfg = Release|Any CPU
		{8A808A14-38B0-408A-82AC-A813DA3AF9FD}.Release|Any CPU.Build.0 = Release|Any CPU
		{8A808A14-38B0-408A-82AC-A813DA3AF9FD}.Release|x64.ActiveCfg = Release|Any CPU
		{8A808A14-38B0-408A-82AC-A813DA3AF9FD}.Release|x64.Build.0 = Release|Any CPU
		{8A808A14-38B0-408A-82AC-A813DA3AF9FD}.Release|x86.ActiveCfg = Release|Any CPU
		{8A808A14-38B0-408A-82AC-A813DA3AF9FD}.Release|x86.Build.0 = Release|Any CPU
		{A33931FE-FAA8-4179-8BDE-1B3E3FF9822E}.Debug|Any CPU.ActiveCfg = Debug|Any CPU
		{A33931FE-FAA8-4179-8BDE-1B3E3FF9822E}.Debug|Any CPU.Build.0 = Debug|Any CPU
		{A33931FE-FAA8-4179-8BDE-1B3E3FF9822E}.Debug|x64.ActiveCfg = Debug|Any CPU
		{A33931FE-FAA8-4179-8BDE-1B3E3FF9822E}.Debug|x64.Build.0 = Debug|Any CPU
		{A33931FE-FAA8-4179-8BDE-1B3E3FF9822E}.Debug|x86.ActiveCfg = Debug|Any CPU
		{A33931FE-FAA8-4179-8BDE-1B3E3FF9822E}.Debug|x86.Build.0 = Debug|Any CPU
		{A33931FE-FAA8-4179-8BDE-1B3E3FF9822E}.Release|Any CPU.ActiveCfg = Release|Any CPU
		{A33931FE-FAA8-4179-8BDE-1B3E3FF9822E}.Release|Any CPU.Build.0 = Release|Any CPU
		{A33931FE-FAA8-4179-8BDE-1B3E3FF9822E}.Release|x64.ActiveCfg = Release|Any CPU
		{A33931FE-FAA8-4179-8BDE-1B3E3FF9822E}.Release|x64.Build.0 = Release|Any CPU
		{A33931FE-FAA8-4179-8BDE-1B3E3FF9822E}.Release|x86.ActiveCfg = Release|Any CPU
		{A33931FE-FAA8-4179-8BDE-1B3E3FF9822E}.Release|x86.Build.0 = Release|Any CPU
		{996D81EB-C8D2-4973-9673-F3272FFCD674}.Debug|Any CPU.ActiveCfg = Debug|Any CPU
		{996D81EB-C8D2-4973-9673-F3272FFCD674}.Debug|Any CPU.Build.0 = Debug|Any CPU
		{996D81EB-C8D2-4973-9673-F3272FFCD674}.Debug|x64.ActiveCfg = Debug|Any CPU
		{996D81EB-C8D2-4973-9673-F3272FFCD674}.Debug|x64.Build.0 = Debug|Any CPU
		{996D81EB-C8D2-4973-9673-F3272FFCD674}.Debug|x86.ActiveCfg = Debug|Any CPU
		{996D81EB-C8D2-4973-9673-F3272FFCD674}.Debug|x86.Build.0 = Debug|Any CPU
		{996D81EB-C8D2-4973-9673-F3272FFCD674}.Release|Any CPU.ActiveCfg = Release|Any CPU
		{996D81EB-C8D2-4973-9673-F3272FFCD674}.Release|Any CPU.Build.0 = Release|Any CPU
		{996D81EB-C8D2-4973-9673-F3272FFCD674}.Release|x64.ActiveCfg = Release|Any CPU
		{996D81EB-C8D2-4973-9673-F3272FFCD674}.Release|x64.Build.0 = Release|Any CPU
		{996D81EB-C8D2-4973-9673-F3272FFCD674}.Release|x86.ActiveCfg = Release|Any CPU
		{996D81EB-C8D2-4973-9673-F3272FFCD674}.Release|x86.Build.0 = Release|Any CPU
		{6B77110C-C6DA-4C0F-9C7C-168F11173793}.Debug|Any CPU.ActiveCfg = Debug|Any CPU
		{6B77110C-C6DA-4C0F-9C7C-168F11173793}.Debug|Any CPU.Build.0 = Debug|Any CPU
		{6B77110C-C6DA-4C0F-9C7C-168F11173793}.Debug|x64.ActiveCfg = Debug|Any CPU
		{6B77110C-C6DA-4C0F-9C7C-168F11173793}.Debug|x64.Build.0 = Debug|Any CPU
		{6B77110C-C6DA-4C0F-9C7C-168F11173793}.Debug|x86.ActiveCfg = Debug|Any CPU
		{6B77110C-C6DA-4C0F-9C7C-168F11173793}.Debug|x86.Build.0 = Debug|Any CPU
		{6B77110C-C6DA-4C0F-9C7C-168F11173793}.Release|Any CPU.ActiveCfg = Release|Any CPU
		{6B77110C-C6DA-4C0F-9C7C-168F11173793}.Release|Any CPU.Build.0 = Release|Any CPU
		{6B77110C-C6DA-4C0F-9C7C-168F11173793}.Release|x64.ActiveCfg = Release|Any CPU
		{6B77110C-C6DA-4C0F-9C7C-168F11173793}.Release|x64.Build.0 = Release|Any CPU
		{6B77110C-C6DA-4C0F-9C7C-168F11173793}.Release|x86.ActiveCfg = Release|Any CPU
		{6B77110C-C6DA-4C0F-9C7C-168F11173793}.Release|x86.Build.0 = Release|Any CPU
		{2673772C-63DC-4537-924A-614EE8D2E9F8}.Debug|Any CPU.ActiveCfg = Debug|Any CPU
		{2673772C-63DC-4537-924A-614EE8D2E9F8}.Debug|Any CPU.Build.0 = Debug|Any CPU
		{2673772C-63DC-4537-924A-614EE8D2E9F8}.Debug|x64.ActiveCfg = Debug|Any CPU
		{2673772C-63DC-4537-924A-614EE8D2E9F8}.Debug|x64.Build.0 = Debug|Any CPU
		{2673772C-63DC-4537-924A-614EE8D2E9F8}.Debug|x86.ActiveCfg = Debug|Any CPU
		{2673772C-63DC-4537-924A-614EE8D2E9F8}.Debug|x86.Build.0 = Debug|Any CPU
		{2673772C-63DC-4537-924A-614EE8D2E9F8}.Release|Any CPU.ActiveCfg = Release|Any CPU
		{2673772C-63DC-4537-924A-614EE8D2E9F8}.Release|Any CPU.Build.0 = Release|Any CPU
		{2673772C-63DC-4537-924A-614EE8D2E9F8}.Release|x64.ActiveCfg = Release|Any CPU
		{2673772C-63DC-4537-924A-614EE8D2E9F8}.Release|x64.Build.0 = Release|Any CPU
		{2673772C-63DC-4537-924A-614EE8D2E9F8}.Release|x86.ActiveCfg = Release|Any CPU
		{2673772C-63DC-4537-924A-614EE8D2E9F8}.Release|x86.Build.0 = Release|Any CPU
		{939BED52-11C2-40E5-A4D0-E95875DC7F34}.Debug|Any CPU.ActiveCfg = Debug|Any CPU
		{939BED52-11C2-40E5-A4D0-E95875DC7F34}.Debug|Any CPU.Build.0 = Debug|Any CPU
		{939BED52-11C2-40E5-A4D0-E95875DC7F34}.Debug|x64.ActiveCfg = Debug|Any CPU
		{939BED52-11C2-40E5-A4D0-E95875DC7F34}.Debug|x64.Build.0 = Debug|Any CPU
		{939BED52-11C2-40E5-A4D0-E95875DC7F34}.Debug|x86.ActiveCfg = Debug|Any CPU
		{939BED52-11C2-40E5-A4D0-E95875DC7F34}.Debug|x86.Build.0 = Debug|Any CPU
		{939BED52-11C2-40E5-A4D0-E95875DC7F34}.Release|Any CPU.ActiveCfg = Release|Any CPU
		{939BED52-11C2-40E5-A4D0-E95875DC7F34}.Release|Any CPU.Build.0 = Release|Any CPU
		{939BED52-11C2-40E5-A4D0-E95875DC7F34}.Release|x64.ActiveCfg = Release|Any CPU
		{939BED52-11C2-40E5-A4D0-E95875DC7F34}.Release|x64.Build.0 = Release|Any CPU
		{939BED52-11C2-40E5-A4D0-E95875DC7F34}.Release|x86.ActiveCfg = Release|Any CPU
		{939BED52-11C2-40E5-A4D0-E95875DC7F34}.Release|x86.Build.0 = Release|Any CPU
		{6A8C8D97-6ECD-422A-9958-9B639C7E7C9A}.Debug|Any CPU.ActiveCfg = Debug|Any CPU
		{6A8C8D97-6ECD-422A-9958-9B639C7E7C9A}.Debug|Any CPU.Build.0 = Debug|Any CPU
		{6A8C8D97-6ECD-422A-9958-9B639C7E7C9A}.Debug|x64.ActiveCfg = Debug|Any CPU
		{6A8C8D97-6ECD-422A-9958-9B639C7E7C9A}.Debug|x64.Build.0 = Debug|Any CPU
		{6A8C8D97-6ECD-422A-9958-9B639C7E7C9A}.Debug|x86.ActiveCfg = Debug|Any CPU
		{6A8C8D97-6ECD-422A-9958-9B639C7E7C9A}.Debug|x86.Build.0 = Debug|Any CPU
		{6A8C8D97-6ECD-422A-9958-9B639C7E7C9A}.Release|Any CPU.ActiveCfg = Release|Any CPU
		{6A8C8D97-6ECD-422A-9958-9B639C7E7C9A}.Release|Any CPU.Build.0 = Release|Any CPU
		{6A8C8D97-6ECD-422A-9958-9B639C7E7C9A}.Release|x64.ActiveCfg = Release|Any CPU
		{6A8C8D97-6ECD-422A-9958-9B639C7E7C9A}.Release|x64.Build.0 = Release|Any CPU
		{6A8C8D97-6ECD-422A-9958-9B639C7E7C9A}.Release|x86.ActiveCfg = Release|Any CPU
		{6A8C8D97-6ECD-422A-9958-9B639C7E7C9A}.Release|x86.Build.0 = Release|Any CPU
		{2D33E17E-6E9F-4C54-9C43-E60A23DA3339}.Debug|Any CPU.ActiveCfg = Debug|Any CPU
		{2D33E17E-6E9F-4C54-9C43-E60A23DA3339}.Debug|Any CPU.Build.0 = Debug|Any CPU
		{2D33E17E-6E9F-4C54-9C43-E60A23DA3339}.Debug|x64.ActiveCfg = Debug|Any CPU
		{2D33E17E-6E9F-4C54-9C43-E60A23DA3339}.Debug|x64.Build.0 = Debug|Any CPU
		{2D33E17E-6E9F-4C54-9C43-E60A23DA3339}.Debug|x86.ActiveCfg = Debug|Any CPU
		{2D33E17E-6E9F-4C54-9C43-E60A23DA3339}.Debug|x86.Build.0 = Debug|Any CPU
		{2D33E17E-6E9F-4C54-9C43-E60A23DA3339}.Release|Any CPU.ActiveCfg = Release|Any CPU
		{2D33E17E-6E9F-4C54-9C43-E60A23DA3339}.Release|Any CPU.Build.0 = Release|Any CPU
		{2D33E17E-6E9F-4C54-9C43-E60A23DA3339}.Release|x64.ActiveCfg = Release|Any CPU
		{2D33E17E-6E9F-4C54-9C43-E60A23DA3339}.Release|x64.Build.0 = Release|Any CPU
		{2D33E17E-6E9F-4C54-9C43-E60A23DA3339}.Release|x86.ActiveCfg = Release|Any CPU
		{2D33E17E-6E9F-4C54-9C43-E60A23DA3339}.Release|x86.Build.0 = Release|Any CPU
		{C8BC52A0-0A78-4941-ACAE-FFA8A053F2F7}.Debug|Any CPU.ActiveCfg = Debug|Any CPU
		{C8BC52A0-0A78-4941-ACAE-FFA8A053F2F7}.Debug|Any CPU.Build.0 = Debug|Any CPU
		{C8BC52A0-0A78-4941-ACAE-FFA8A053F2F7}.Debug|x64.ActiveCfg = Debug|Any CPU
		{C8BC52A0-0A78-4941-ACAE-FFA8A053F2F7}.Debug|x64.Build.0 = Debug|Any CPU
		{C8BC52A0-0A78-4941-ACAE-FFA8A053F2F7}.Debug|x86.ActiveCfg = Debug|Any CPU
		{C8BC52A0-0A78-4941-ACAE-FFA8A053F2F7}.Debug|x86.Build.0 = Debug|Any CPU
		{C8BC52A0-0A78-4941-ACAE-FFA8A053F2F7}.Release|Any CPU.ActiveCfg = Release|Any CPU
		{C8BC52A0-0A78-4941-ACAE-FFA8A053F2F7}.Release|Any CPU.Build.0 = Release|Any CPU
		{C8BC52A0-0A78-4941-ACAE-FFA8A053F2F7}.Release|x64.ActiveCfg = Release|Any CPU
		{C8BC52A0-0A78-4941-ACAE-FFA8A053F2F7}.Release|x64.Build.0 = Release|Any CPU
		{C8BC52A0-0A78-4941-ACAE-FFA8A053F2F7}.Release|x86.ActiveCfg = Release|Any CPU
		{C8BC52A0-0A78-4941-ACAE-FFA8A053F2F7}.Release|x86.Build.0 = Release|Any CPU
		{A492B452-40D9-4BCF-8DD6-5818F8913B8C}.Debug|Any CPU.ActiveCfg = Debug|Any CPU
		{A492B452-40D9-4BCF-8DD6-5818F8913B8C}.Debug|Any CPU.Build.0 = Debug|Any CPU
		{A492B452-40D9-4BCF-8DD6-5818F8913B8C}.Debug|x64.ActiveCfg = Debug|Any CPU
		{A492B452-40D9-4BCF-8DD6-5818F8913B8C}.Debug|x64.Build.0 = Debug|Any CPU
		{A492B452-40D9-4BCF-8DD6-5818F8913B8C}.Debug|x86.ActiveCfg = Debug|Any CPU
		{A492B452-40D9-4BCF-8DD6-5818F8913B8C}.Debug|x86.Build.0 = Debug|Any CPU
		{A492B452-40D9-4BCF-8DD6-5818F8913B8C}.Release|Any CPU.ActiveCfg = Release|Any CPU
		{A492B452-40D9-4BCF-8DD6-5818F8913B8C}.Release|Any CPU.Build.0 = Release|Any CPU
		{A492B452-40D9-4BCF-8DD6-5818F8913B8C}.Release|x64.ActiveCfg = Release|Any CPU
		{A492B452-40D9-4BCF-8DD6-5818F8913B8C}.Release|x64.Build.0 = Release|Any CPU
		{A492B452-40D9-4BCF-8DD6-5818F8913B8C}.Release|x86.ActiveCfg = Release|Any CPU
		{A492B452-40D9-4BCF-8DD6-5818F8913B8C}.Release|x86.Build.0 = Release|Any CPU
		{F7E54726-B7EC-4838-B7D1-97B132BFF6A6}.Debug|Any CPU.ActiveCfg = Debug|Any CPU
		{F7E54726-B7EC-4838-B7D1-97B132BFF6A6}.Debug|Any CPU.Build.0 = Debug|Any CPU
		{F7E54726-B7EC-4838-B7D1-97B132BFF6A6}.Debug|x64.ActiveCfg = Debug|Any CPU
		{F7E54726-B7EC-4838-B7D1-97B132BFF6A6}.Debug|x64.Build.0 = Debug|Any CPU
		{F7E54726-B7EC-4838-B7D1-97B132BFF6A6}.Debug|x86.ActiveCfg = Debug|Any CPU
		{F7E54726-B7EC-4838-B7D1-97B132BFF6A6}.Debug|x86.Build.0 = Debug|Any CPU
		{F7E54726-B7EC-4838-B7D1-97B132BFF6A6}.Release|Any CPU.ActiveCfg = Release|Any CPU
		{F7E54726-B7EC-4838-B7D1-97B132BFF6A6}.Release|Any CPU.Build.0 = Release|Any CPU
		{F7E54726-B7EC-4838-B7D1-97B132BFF6A6}.Release|x64.ActiveCfg = Release|Any CPU
		{F7E54726-B7EC-4838-B7D1-97B132BFF6A6}.Release|x64.Build.0 = Release|Any CPU
		{F7E54726-B7EC-4838-B7D1-97B132BFF6A6}.Release|x86.ActiveCfg = Release|Any CPU
		{F7E54726-B7EC-4838-B7D1-97B132BFF6A6}.Release|x86.Build.0 = Release|Any CPU
		{AF5292C8-0CC1-496D-A171-58E16B166137}.Debug|Any CPU.ActiveCfg = Debug|Any CPU
		{AF5292C8-0CC1-496D-A171-58E16B166137}.Debug|Any CPU.Build.0 = Debug|Any CPU
		{AF5292C8-0CC1-496D-A171-58E16B166137}.Debug|x64.ActiveCfg = Debug|Any CPU
		{AF5292C8-0CC1-496D-A171-58E16B166137}.Debug|x64.Build.0 = Debug|Any CPU
		{AF5292C8-0CC1-496D-A171-58E16B166137}.Debug|x86.ActiveCfg = Debug|Any CPU
		{AF5292C8-0CC1-496D-A171-58E16B166137}.Debug|x86.Build.0 = Debug|Any CPU
		{AF5292C8-0CC1-496D-A171-58E16B166137}.Release|Any CPU.ActiveCfg = Release|Any CPU
		{AF5292C8-0CC1-496D-A171-58E16B166137}.Release|Any CPU.Build.0 = Release|Any CPU
		{AF5292C8-0CC1-496D-A171-58E16B166137}.Release|x64.ActiveCfg = Release|Any CPU
		{AF5292C8-0CC1-496D-A171-58E16B166137}.Release|x64.Build.0 = Release|Any CPU
		{AF5292C8-0CC1-496D-A171-58E16B166137}.Release|x86.ActiveCfg = Release|Any CPU
		{AF5292C8-0CC1-496D-A171-58E16B166137}.Release|x86.Build.0 = Release|Any CPU
		{130DC453-D7FD-459F-BB3E-C8D057C67DCE}.Debug|Any CPU.ActiveCfg = Debug|Any CPU
		{130DC453-D7FD-459F-BB3E-C8D057C67DCE}.Debug|Any CPU.Build.0 = Debug|Any CPU
		{130DC453-D7FD-459F-BB3E-C8D057C67DCE}.Debug|x64.ActiveCfg = Debug|Any CPU
		{130DC453-D7FD-459F-BB3E-C8D057C67DCE}.Debug|x64.Build.0 = Debug|Any CPU
		{130DC453-D7FD-459F-BB3E-C8D057C67DCE}.Debug|x86.ActiveCfg = Debug|Any CPU
		{130DC453-D7FD-459F-BB3E-C8D057C67DCE}.Debug|x86.Build.0 = Debug|Any CPU
		{130DC453-D7FD-459F-BB3E-C8D057C67DCE}.Release|Any CPU.ActiveCfg = Release|Any CPU
		{130DC453-D7FD-459F-BB3E-C8D057C67DCE}.Release|Any CPU.Build.0 = Release|Any CPU
		{130DC453-D7FD-459F-BB3E-C8D057C67DCE}.Release|x64.ActiveCfg = Release|Any CPU
		{130DC453-D7FD-459F-BB3E-C8D057C67DCE}.Release|x64.Build.0 = Release|Any CPU
		{130DC453-D7FD-459F-BB3E-C8D057C67DCE}.Release|x86.ActiveCfg = Release|Any CPU
		{130DC453-D7FD-459F-BB3E-C8D057C67DCE}.Release|x86.Build.0 = Release|Any CPU
		{4E19AEB9-08A1-4808-A7B0-82052754775E}.Debug|Any CPU.ActiveCfg = Debug|Any CPU
		{4E19AEB9-08A1-4808-A7B0-82052754775E}.Debug|Any CPU.Build.0 = Debug|Any CPU
		{4E19AEB9-08A1-4808-A7B0-82052754775E}.Debug|x64.ActiveCfg = Debug|Any CPU
		{4E19AEB9-08A1-4808-A7B0-82052754775E}.Debug|x64.Build.0 = Debug|Any CPU
		{4E19AEB9-08A1-4808-A7B0-82052754775E}.Debug|x86.ActiveCfg = Debug|Any CPU
		{4E19AEB9-08A1-4808-A7B0-82052754775E}.Debug|x86.Build.0 = Debug|Any CPU
		{4E19AEB9-08A1-4808-A7B0-82052754775E}.Release|Any CPU.ActiveCfg = Release|Any CPU
		{4E19AEB9-08A1-4808-A7B0-82052754775E}.Release|Any CPU.Build.0 = Release|Any CPU
		{4E19AEB9-08A1-4808-A7B0-82052754775E}.Release|x64.ActiveCfg = Release|Any CPU
		{4E19AEB9-08A1-4808-A7B0-82052754775E}.Release|x64.Build.0 = Release|Any CPU
		{4E19AEB9-08A1-4808-A7B0-82052754775E}.Release|x86.ActiveCfg = Release|Any CPU
		{4E19AEB9-08A1-4808-A7B0-82052754775E}.Release|x86.Build.0 = Release|Any CPU
		{E35A87A2-6D65-4FFD-8E3D-385EAE7741F4}.Debug|Any CPU.ActiveCfg = Debug|Any CPU
		{E35A87A2-6D65-4FFD-8E3D-385EAE7741F4}.Debug|Any CPU.Build.0 = Debug|Any CPU
		{E35A87A2-6D65-4FFD-8E3D-385EAE7741F4}.Debug|x64.ActiveCfg = Debug|Any CPU
		{E35A87A2-6D65-4FFD-8E3D-385EAE7741F4}.Debug|x64.Build.0 = Debug|Any CPU
		{E35A87A2-6D65-4FFD-8E3D-385EAE7741F4}.Debug|x86.ActiveCfg = Debug|Any CPU
		{E35A87A2-6D65-4FFD-8E3D-385EAE7741F4}.Debug|x86.Build.0 = Debug|Any CPU
		{E35A87A2-6D65-4FFD-8E3D-385EAE7741F4}.Release|Any CPU.ActiveCfg = Release|Any CPU
		{E35A87A2-6D65-4FFD-8E3D-385EAE7741F4}.Release|Any CPU.Build.0 = Release|Any CPU
		{E35A87A2-6D65-4FFD-8E3D-385EAE7741F4}.Release|x64.ActiveCfg = Release|Any CPU
		{E35A87A2-6D65-4FFD-8E3D-385EAE7741F4}.Release|x64.Build.0 = Release|Any CPU
		{E35A87A2-6D65-4FFD-8E3D-385EAE7741F4}.Release|x86.ActiveCfg = Release|Any CPU
		{E35A87A2-6D65-4FFD-8E3D-385EAE7741F4}.Release|x86.Build.0 = Release|Any CPU
		{8CA9A682-C33B-4DC7-95DC-1F73851FB369}.Debug|Any CPU.ActiveCfg = Debug|Any CPU
		{8CA9A682-C33B-4DC7-95DC-1F73851FB369}.Debug|Any CPU.Build.0 = Debug|Any CPU
		{8CA9A682-C33B-4DC7-95DC-1F73851FB369}.Debug|x64.ActiveCfg = Debug|Any CPU
		{8CA9A682-C33B-4DC7-95DC-1F73851FB369}.Debug|x64.Build.0 = Debug|Any CPU
		{8CA9A682-C33B-4DC7-95DC-1F73851FB369}.Debug|x86.ActiveCfg = Debug|Any CPU
		{8CA9A682-C33B-4DC7-95DC-1F73851FB369}.Debug|x86.Build.0 = Debug|Any CPU
		{8CA9A682-C33B-4DC7-95DC-1F73851FB369}.Release|Any CPU.ActiveCfg = Release|Any CPU
		{8CA9A682-C33B-4DC7-95DC-1F73851FB369}.Release|Any CPU.Build.0 = Release|Any CPU
		{8CA9A682-C33B-4DC7-95DC-1F73851FB369}.Release|x64.ActiveCfg = Release|Any CPU
		{8CA9A682-C33B-4DC7-95DC-1F73851FB369}.Release|x64.Build.0 = Release|Any CPU
		{8CA9A682-C33B-4DC7-95DC-1F73851FB369}.Release|x86.ActiveCfg = Release|Any CPU
		{8CA9A682-C33B-4DC7-95DC-1F73851FB369}.Release|x86.Build.0 = Release|Any CPU
		{8907D612-A429-4D16-93F4-EFDEAC99BF58}.Debug|Any CPU.ActiveCfg = Debug|Any CPU
		{8907D612-A429-4D16-93F4-EFDEAC99BF58}.Debug|Any CPU.Build.0 = Debug|Any CPU
		{8907D612-A429-4D16-93F4-EFDEAC99BF58}.Debug|x64.ActiveCfg = Debug|Any CPU
		{8907D612-A429-4D16-93F4-EFDEAC99BF58}.Debug|x64.Build.0 = Debug|Any CPU
		{8907D612-A429-4D16-93F4-EFDEAC99BF58}.Debug|x86.ActiveCfg = Debug|Any CPU
		{8907D612-A429-4D16-93F4-EFDEAC99BF58}.Debug|x86.Build.0 = Debug|Any CPU
		{8907D612-A429-4D16-93F4-EFDEAC99BF58}.Release|Any CPU.ActiveCfg = Release|Any CPU
		{8907D612-A429-4D16-93F4-EFDEAC99BF58}.Release|Any CPU.Build.0 = Release|Any CPU
		{8907D612-A429-4D16-93F4-EFDEAC99BF58}.Release|x64.ActiveCfg = Release|Any CPU
		{8907D612-A429-4D16-93F4-EFDEAC99BF58}.Release|x64.Build.0 = Release|Any CPU
		{8907D612-A429-4D16-93F4-EFDEAC99BF58}.Release|x86.ActiveCfg = Release|Any CPU
		{8907D612-A429-4D16-93F4-EFDEAC99BF58}.Release|x86.Build.0 = Release|Any CPU
		{15B81E40-4F7B-4ADB-B256-B3B4D11D3D9A}.Debug|Any CPU.ActiveCfg = Debug|Any CPU
		{15B81E40-4F7B-4ADB-B256-B3B4D11D3D9A}.Debug|Any CPU.Build.0 = Debug|Any CPU
		{15B81E40-4F7B-4ADB-B256-B3B4D11D3D9A}.Debug|x64.ActiveCfg = Debug|Any CPU
		{15B81E40-4F7B-4ADB-B256-B3B4D11D3D9A}.Debug|x64.Build.0 = Debug|Any CPU
		{15B81E40-4F7B-4ADB-B256-B3B4D11D3D9A}.Debug|x86.ActiveCfg = Debug|Any CPU
		{15B81E40-4F7B-4ADB-B256-B3B4D11D3D9A}.Debug|x86.Build.0 = Debug|Any CPU
		{15B81E40-4F7B-4ADB-B256-B3B4D11D3D9A}.Release|Any CPU.ActiveCfg = Release|Any CPU
		{15B81E40-4F7B-4ADB-B256-B3B4D11D3D9A}.Release|Any CPU.Build.0 = Release|Any CPU
		{15B81E40-4F7B-4ADB-B256-B3B4D11D3D9A}.Release|x64.ActiveCfg = Release|Any CPU
		{15B81E40-4F7B-4ADB-B256-B3B4D11D3D9A}.Release|x64.Build.0 = Release|Any CPU
		{15B81E40-4F7B-4ADB-B256-B3B4D11D3D9A}.Release|x86.ActiveCfg = Release|Any CPU
		{15B81E40-4F7B-4ADB-B256-B3B4D11D3D9A}.Release|x86.Build.0 = Release|Any CPU
		{B38AD7A5-6B04-4DE9-A1C5-305CA6D71E54}.Debug|Any CPU.ActiveCfg = Debug|Any CPU
		{B38AD7A5-6B04-4DE9-A1C5-305CA6D71E54}.Debug|Any CPU.Build.0 = Debug|Any CPU
		{B38AD7A5-6B04-4DE9-A1C5-305CA6D71E54}.Debug|x64.ActiveCfg = Debug|Any CPU
		{B38AD7A5-6B04-4DE9-A1C5-305CA6D71E54}.Debug|x64.Build.0 = Debug|Any CPU
		{B38AD7A5-6B04-4DE9-A1C5-305CA6D71E54}.Debug|x86.ActiveCfg = Debug|Any CPU
		{B38AD7A5-6B04-4DE9-A1C5-305CA6D71E54}.Debug|x86.Build.0 = Debug|Any CPU
		{B38AD7A5-6B04-4DE9-A1C5-305CA6D71E54}.Release|Any CPU.ActiveCfg = Release|Any CPU
		{B38AD7A5-6B04-4DE9-A1C5-305CA6D71E54}.Release|Any CPU.Build.0 = Release|Any CPU
		{B38AD7A5-6B04-4DE9-A1C5-305CA6D71E54}.Release|x64.ActiveCfg = Release|Any CPU
		{B38AD7A5-6B04-4DE9-A1C5-305CA6D71E54}.Release|x64.Build.0 = Release|Any CPU
		{B38AD7A5-6B04-4DE9-A1C5-305CA6D71E54}.Release|x86.ActiveCfg = Release|Any CPU
		{B38AD7A5-6B04-4DE9-A1C5-305CA6D71E54}.Release|x86.Build.0 = Release|Any CPU
		{D721C0FC-8436-41C5-9F1E-F1B0DD2186F2}.Debug|Any CPU.ActiveCfg = Debug|Any CPU
		{D721C0FC-8436-41C5-9F1E-F1B0DD2186F2}.Debug|Any CPU.Build.0 = Debug|Any CPU
		{D721C0FC-8436-41C5-9F1E-F1B0DD2186F2}.Debug|x64.ActiveCfg = Debug|Any CPU
		{D721C0FC-8436-41C5-9F1E-F1B0DD2186F2}.Debug|x64.Build.0 = Debug|Any CPU
		{D721C0FC-8436-41C5-9F1E-F1B0DD2186F2}.Debug|x86.ActiveCfg = Debug|Any CPU
		{D721C0FC-8436-41C5-9F1E-F1B0DD2186F2}.Debug|x86.Build.0 = Debug|Any CPU
		{D721C0FC-8436-41C5-9F1E-F1B0DD2186F2}.Release|Any CPU.ActiveCfg = Release|Any CPU
		{D721C0FC-8436-41C5-9F1E-F1B0DD2186F2}.Release|Any CPU.Build.0 = Release|Any CPU
		{D721C0FC-8436-41C5-9F1E-F1B0DD2186F2}.Release|x64.ActiveCfg = Release|Any CPU
		{D721C0FC-8436-41C5-9F1E-F1B0DD2186F2}.Release|x64.Build.0 = Release|Any CPU
		{D721C0FC-8436-41C5-9F1E-F1B0DD2186F2}.Release|x86.ActiveCfg = Release|Any CPU
		{D721C0FC-8436-41C5-9F1E-F1B0DD2186F2}.Release|x86.Build.0 = Release|Any CPU
		{4858207D-E761-4D0F-85AB-241B543B74ED}.Debug|Any CPU.ActiveCfg = Debug|Any CPU
		{4858207D-E761-4D0F-85AB-241B543B74ED}.Debug|Any CPU.Build.0 = Debug|Any CPU
		{4858207D-E761-4D0F-85AB-241B543B74ED}.Debug|x64.ActiveCfg = Debug|Any CPU
		{4858207D-E761-4D0F-85AB-241B543B74ED}.Debug|x64.Build.0 = Debug|Any CPU
		{4858207D-E761-4D0F-85AB-241B543B74ED}.Debug|x86.ActiveCfg = Debug|Any CPU
		{4858207D-E761-4D0F-85AB-241B543B74ED}.Debug|x86.Build.0 = Debug|Any CPU
		{4858207D-E761-4D0F-85AB-241B543B74ED}.Release|Any CPU.ActiveCfg = Release|Any CPU
		{4858207D-E761-4D0F-85AB-241B543B74ED}.Release|Any CPU.Build.0 = Release|Any CPU
		{4858207D-E761-4D0F-85AB-241B543B74ED}.Release|x64.ActiveCfg = Release|Any CPU
		{4858207D-E761-4D0F-85AB-241B543B74ED}.Release|x64.Build.0 = Release|Any CPU
		{4858207D-E761-4D0F-85AB-241B543B74ED}.Release|x86.ActiveCfg = Release|Any CPU
		{4858207D-E761-4D0F-85AB-241B543B74ED}.Release|x86.Build.0 = Release|Any CPU
		{DCCA743F-0343-4480-8A5D-2F6971BECA74}.Debug|Any CPU.ActiveCfg = Debug|Any CPU
		{DCCA743F-0343-4480-8A5D-2F6971BECA74}.Debug|Any CPU.Build.0 = Debug|Any CPU
		{DCCA743F-0343-4480-8A5D-2F6971BECA74}.Debug|x64.ActiveCfg = Debug|Any CPU
		{DCCA743F-0343-4480-8A5D-2F6971BECA74}.Debug|x64.Build.0 = Debug|Any CPU
		{DCCA743F-0343-4480-8A5D-2F6971BECA74}.Debug|x86.ActiveCfg = Debug|Any CPU
		{DCCA743F-0343-4480-8A5D-2F6971BECA74}.Debug|x86.Build.0 = Debug|Any CPU
		{DCCA743F-0343-4480-8A5D-2F6971BECA74}.Release|Any CPU.ActiveCfg = Release|Any CPU
		{DCCA743F-0343-4480-8A5D-2F6971BECA74}.Release|Any CPU.Build.0 = Release|Any CPU
		{DCCA743F-0343-4480-8A5D-2F6971BECA74}.Release|x64.ActiveCfg = Release|Any CPU
		{DCCA743F-0343-4480-8A5D-2F6971BECA74}.Release|x64.Build.0 = Release|Any CPU
		{DCCA743F-0343-4480-8A5D-2F6971BECA74}.Release|x86.ActiveCfg = Release|Any CPU
		{DCCA743F-0343-4480-8A5D-2F6971BECA74}.Release|x86.Build.0 = Release|Any CPU
		{A13A0BED-FED2-44F4-A8F8-5A2C66857C8F}.Debug|Any CPU.ActiveCfg = Debug|Any CPU
		{A13A0BED-FED2-44F4-A8F8-5A2C66857C8F}.Debug|Any CPU.Build.0 = Debug|Any CPU
		{A13A0BED-FED2-44F4-A8F8-5A2C66857C8F}.Debug|x64.ActiveCfg = Debug|Any CPU
		{A13A0BED-FED2-44F4-A8F8-5A2C66857C8F}.Debug|x64.Build.0 = Debug|Any CPU
		{A13A0BED-FED2-44F4-A8F8-5A2C66857C8F}.Debug|x86.ActiveCfg = Debug|Any CPU
		{A13A0BED-FED2-44F4-A8F8-5A2C66857C8F}.Debug|x86.Build.0 = Debug|Any CPU
		{A13A0BED-FED2-44F4-A8F8-5A2C66857C8F}.Release|Any CPU.ActiveCfg = Release|Any CPU
		{A13A0BED-FED2-44F4-A8F8-5A2C66857C8F}.Release|Any CPU.Build.0 = Release|Any CPU
		{A13A0BED-FED2-44F4-A8F8-5A2C66857C8F}.Release|x64.ActiveCfg = Release|Any CPU
		{A13A0BED-FED2-44F4-A8F8-5A2C66857C8F}.Release|x64.Build.0 = Release|Any CPU
		{A13A0BED-FED2-44F4-A8F8-5A2C66857C8F}.Release|x86.ActiveCfg = Release|Any CPU
		{A13A0BED-FED2-44F4-A8F8-5A2C66857C8F}.Release|x86.Build.0 = Release|Any CPU
		{052D4A8F-221E-4B90-AA9E-CE9873066196}.Debug|Any CPU.ActiveCfg = Debug|Any CPU
		{052D4A8F-221E-4B90-AA9E-CE9873066196}.Debug|Any CPU.Build.0 = Debug|Any CPU
		{052D4A8F-221E-4B90-AA9E-CE9873066196}.Debug|x64.ActiveCfg = Debug|Any CPU
		{052D4A8F-221E-4B90-AA9E-CE9873066196}.Debug|x64.Build.0 = Debug|Any CPU
		{052D4A8F-221E-4B90-AA9E-CE9873066196}.Debug|x86.ActiveCfg = Debug|Any CPU
		{052D4A8F-221E-4B90-AA9E-CE9873066196}.Debug|x86.Build.0 = Debug|Any CPU
		{052D4A8F-221E-4B90-AA9E-CE9873066196}.Release|Any CPU.ActiveCfg = Release|Any CPU
		{052D4A8F-221E-4B90-AA9E-CE9873066196}.Release|Any CPU.Build.0 = Release|Any CPU
		{052D4A8F-221E-4B90-AA9E-CE9873066196}.Release|x64.ActiveCfg = Release|Any CPU
		{052D4A8F-221E-4B90-AA9E-CE9873066196}.Release|x64.Build.0 = Release|Any CPU
		{052D4A8F-221E-4B90-AA9E-CE9873066196}.Release|x86.ActiveCfg = Release|Any CPU
		{052D4A8F-221E-4B90-AA9E-CE9873066196}.Release|x86.Build.0 = Release|Any CPU
		{0D63D9C6-74A4-4083-83F1-99C7E628990C}.Debug|Any CPU.ActiveCfg = Debug|Any CPU
		{0D63D9C6-74A4-4083-83F1-99C7E628990C}.Debug|Any CPU.Build.0 = Debug|Any CPU
		{0D63D9C6-74A4-4083-83F1-99C7E628990C}.Debug|x64.ActiveCfg = Debug|Any CPU
		{0D63D9C6-74A4-4083-83F1-99C7E628990C}.Debug|x64.Build.0 = Debug|Any CPU
		{0D63D9C6-74A4-4083-83F1-99C7E628990C}.Debug|x86.ActiveCfg = Debug|Any CPU
		{0D63D9C6-74A4-4083-83F1-99C7E628990C}.Debug|x86.Build.0 = Debug|Any CPU
		{0D63D9C6-74A4-4083-83F1-99C7E628990C}.Release|Any CPU.ActiveCfg = Release|Any CPU
		{0D63D9C6-74A4-4083-83F1-99C7E628990C}.Release|Any CPU.Build.0 = Release|Any CPU
		{0D63D9C6-74A4-4083-83F1-99C7E628990C}.Release|x64.ActiveCfg = Release|Any CPU
		{0D63D9C6-74A4-4083-83F1-99C7E628990C}.Release|x64.Build.0 = Release|Any CPU
		{0D63D9C6-74A4-4083-83F1-99C7E628990C}.Release|x86.ActiveCfg = Release|Any CPU
		{0D63D9C6-74A4-4083-83F1-99C7E628990C}.Release|x86.Build.0 = Release|Any CPU
		{07BA5660-CD73-49AF-8D58-18BA65CAEF8B}.Debug|Any CPU.ActiveCfg = Debug|Any CPU
		{07BA5660-CD73-49AF-8D58-18BA65CAEF8B}.Debug|Any CPU.Build.0 = Debug|Any CPU
		{07BA5660-CD73-49AF-8D58-18BA65CAEF8B}.Debug|x64.ActiveCfg = Debug|Any CPU
		{07BA5660-CD73-49AF-8D58-18BA65CAEF8B}.Debug|x64.Build.0 = Debug|Any CPU
		{07BA5660-CD73-49AF-8D58-18BA65CAEF8B}.Debug|x86.ActiveCfg = Debug|Any CPU
		{07BA5660-CD73-49AF-8D58-18BA65CAEF8B}.Debug|x86.Build.0 = Debug|Any CPU
		{07BA5660-CD73-49AF-8D58-18BA65CAEF8B}.Release|Any CPU.ActiveCfg = Release|Any CPU
		{07BA5660-CD73-49AF-8D58-18BA65CAEF8B}.Release|Any CPU.Build.0 = Release|Any CPU
		{07BA5660-CD73-49AF-8D58-18BA65CAEF8B}.Release|x64.ActiveCfg = Release|Any CPU
		{07BA5660-CD73-49AF-8D58-18BA65CAEF8B}.Release|x64.Build.0 = Release|Any CPU
		{07BA5660-CD73-49AF-8D58-18BA65CAEF8B}.Release|x86.ActiveCfg = Release|Any CPU
		{07BA5660-CD73-49AF-8D58-18BA65CAEF8B}.Release|x86.Build.0 = Release|Any CPU
		{F6E7279E-C695-4F26-BEE4-9BC8858624C6}.Debug|Any CPU.ActiveCfg = Debug|Any CPU
		{F6E7279E-C695-4F26-BEE4-9BC8858624C6}.Debug|Any CPU.Build.0 = Debug|Any CPU
		{F6E7279E-C695-4F26-BEE4-9BC8858624C6}.Debug|x64.ActiveCfg = Debug|Any CPU
		{F6E7279E-C695-4F26-BEE4-9BC8858624C6}.Debug|x64.Build.0 = Debug|Any CPU
		{F6E7279E-C695-4F26-BEE4-9BC8858624C6}.Debug|x86.ActiveCfg = Debug|Any CPU
		{F6E7279E-C695-4F26-BEE4-9BC8858624C6}.Debug|x86.Build.0 = Debug|Any CPU
		{F6E7279E-C695-4F26-BEE4-9BC8858624C6}.Release|Any CPU.ActiveCfg = Release|Any CPU
		{F6E7279E-C695-4F26-BEE4-9BC8858624C6}.Release|Any CPU.Build.0 = Release|Any CPU
		{F6E7279E-C695-4F26-BEE4-9BC8858624C6}.Release|x64.ActiveCfg = Release|Any CPU
		{F6E7279E-C695-4F26-BEE4-9BC8858624C6}.Release|x64.Build.0 = Release|Any CPU
		{F6E7279E-C695-4F26-BEE4-9BC8858624C6}.Release|x86.ActiveCfg = Release|Any CPU
		{F6E7279E-C695-4F26-BEE4-9BC8858624C6}.Release|x86.Build.0 = Release|Any CPU
		{37E12693-1F03-4A95-AE7C-5C9DA30F8328}.Debug|Any CPU.ActiveCfg = Debug|Any CPU
		{37E12693-1F03-4A95-AE7C-5C9DA30F8328}.Debug|Any CPU.Build.0 = Debug|Any CPU
		{37E12693-1F03-4A95-AE7C-5C9DA30F8328}.Debug|x64.ActiveCfg = Debug|Any CPU
		{37E12693-1F03-4A95-AE7C-5C9DA30F8328}.Debug|x64.Build.0 = Debug|Any CPU
		{37E12693-1F03-4A95-AE7C-5C9DA30F8328}.Debug|x86.ActiveCfg = Debug|Any CPU
		{37E12693-1F03-4A95-AE7C-5C9DA30F8328}.Debug|x86.Build.0 = Debug|Any CPU
		{37E12693-1F03-4A95-AE7C-5C9DA30F8328}.Release|Any CPU.ActiveCfg = Release|Any CPU
		{37E12693-1F03-4A95-AE7C-5C9DA30F8328}.Release|Any CPU.Build.0 = Release|Any CPU
		{37E12693-1F03-4A95-AE7C-5C9DA30F8328}.Release|x64.ActiveCfg = Release|Any CPU
		{37E12693-1F03-4A95-AE7C-5C9DA30F8328}.Release|x64.Build.0 = Release|Any CPU
		{37E12693-1F03-4A95-AE7C-5C9DA30F8328}.Release|x86.ActiveCfg = Release|Any CPU
		{37E12693-1F03-4A95-AE7C-5C9DA30F8328}.Release|x86.Build.0 = Release|Any CPU
		{4D314805-C106-454B-907B-22FB81AFCD8E}.Debug|Any CPU.ActiveCfg = Debug|Any CPU
		{4D314805-C106-454B-907B-22FB81AFCD8E}.Debug|Any CPU.Build.0 = Debug|Any CPU
		{4D314805-C106-454B-907B-22FB81AFCD8E}.Debug|x64.ActiveCfg = Debug|Any CPU
		{4D314805-C106-454B-907B-22FB81AFCD8E}.Debug|x64.Build.0 = Debug|Any CPU
		{4D314805-C106-454B-907B-22FB81AFCD8E}.Debug|x86.ActiveCfg = Debug|Any CPU
		{4D314805-C106-454B-907B-22FB81AFCD8E}.Debug|x86.Build.0 = Debug|Any CPU
		{4D314805-C106-454B-907B-22FB81AFCD8E}.Release|Any CPU.ActiveCfg = Release|Any CPU
		{4D314805-C106-454B-907B-22FB81AFCD8E}.Release|Any CPU.Build.0 = Release|Any CPU
		{4D314805-C106-454B-907B-22FB81AFCD8E}.Release|x64.ActiveCfg = Release|Any CPU
		{4D314805-C106-454B-907B-22FB81AFCD8E}.Release|x64.Build.0 = Release|Any CPU
		{4D314805-C106-454B-907B-22FB81AFCD8E}.Release|x86.ActiveCfg = Release|Any CPU
		{4D314805-C106-454B-907B-22FB81AFCD8E}.Release|x86.Build.0 = Release|Any CPU
	EndGlobalSection
	GlobalSection(SolutionProperties) = preSolution
		HideSolutionNode = FALSE
	EndGlobalSection
	GlobalSection(NestedProjects) = preSolution
		{10167E8D-31E1-42A2-9E00-4E3A63E2D446} = {421D4974-14D6-43AF-B00F-9AE19E11531D}
		{057C191F-D5B9-43CE-A354-F44127AB01C9} = {10167E8D-31E1-42A2-9E00-4E3A63E2D446}
		{5B08287F-D1CE-44A5-B79A-F21EEF9E2596} = {10167E8D-31E1-42A2-9E00-4E3A63E2D446}
		{E03DA25B-69D6-4183-8C0D-95DEBCC8C124} = {10167E8D-31E1-42A2-9E00-4E3A63E2D446}
		{F3C114CA-B4F1-483C-BC80-FA6FAAB9B4C8} = {10167E8D-31E1-42A2-9E00-4E3A63E2D446}
		{C005C6B5-B274-41A5-8D37-76BF650ECE20} = {10167E8D-31E1-42A2-9E00-4E3A63E2D446}
		{1D490DE1-882C-4D1C-8873-2D4F64F22471} = {10167E8D-31E1-42A2-9E00-4E3A63E2D446}
		{BD291FF9-B08D-440A-90DB-53EB2F6D9023} = {A2DAC819-AB50-4D55-80DF-2D43602ED282}
		{3CC9A65C-6A58-46C6-B947-2397574553D6} = {1DDF084D-7C9B-4C3F-89D7-DFACCAEA7782}
		{1DDF084D-7C9B-4C3F-89D7-DFACCAEA7782} = {421D4974-14D6-43AF-B00F-9AE19E11531D}
		{BB169710-5CE7-4957-A2C7-1F570E2CD9C8} = {421D4974-14D6-43AF-B00F-9AE19E11531D}
		{46379E29-CA40-48BA-B007-A4199DADAE65} = {10167E8D-31E1-42A2-9E00-4E3A63E2D446}
		{7BF76A35-6BC1-4BF9-A39C-144E45683F74} = {10167E8D-31E1-42A2-9E00-4E3A63E2D446}
		{0FC860CF-E16D-49D0-A228-03191ED2D150} = {10167E8D-31E1-42A2-9E00-4E3A63E2D446}
		{8A808A14-38B0-408A-82AC-A813DA3AF9FD} = {10167E8D-31E1-42A2-9E00-4E3A63E2D446}
		{A33931FE-FAA8-4179-8BDE-1B3E3FF9822E} = {10167E8D-31E1-42A2-9E00-4E3A63E2D446}
		{996D81EB-C8D2-4973-9673-F3272FFCD674} = {10167E8D-31E1-42A2-9E00-4E3A63E2D446}
		{6B77110C-C6DA-4C0F-9C7C-168F11173793} = {10167E8D-31E1-42A2-9E00-4E3A63E2D446}
		{2673772C-63DC-4537-924A-614EE8D2E9F8} = {10167E8D-31E1-42A2-9E00-4E3A63E2D446}
		{939BED52-11C2-40E5-A4D0-E95875DC7F34} = {10167E8D-31E1-42A2-9E00-4E3A63E2D446}
		{6A8C8D97-6ECD-422A-9958-9B639C7E7C9A} = {10167E8D-31E1-42A2-9E00-4E3A63E2D446}
		{2D33E17E-6E9F-4C54-9C43-E60A23DA3339} = {10167E8D-31E1-42A2-9E00-4E3A63E2D446}
		{8F2CB78E-8C2E-45C6-97A0-C38F60A85E98} = {3B6711D4-73E8-4D42-8E61-2C0A6264E160}
		{C8BC52A0-0A78-4941-ACAE-FFA8A053F2F7} = {E3A4B844-93F2-44C1-8744-681904AE9FF6}
		{A492B452-40D9-4BCF-8DD6-5818F8913B8C} = {E3A4B844-93F2-44C1-8744-681904AE9FF6}
		{F7E54726-B7EC-4838-B7D1-97B132BFF6A6} = {E3A4B844-93F2-44C1-8744-681904AE9FF6}
		{AF5292C8-0CC1-496D-A171-58E16B166137} = {E3A4B844-93F2-44C1-8744-681904AE9FF6}
		{130DC453-D7FD-459F-BB3E-C8D057C67DCE} = {E3A4B844-93F2-44C1-8744-681904AE9FF6}
		{4E19AEB9-08A1-4808-A7B0-82052754775E} = {E3A4B844-93F2-44C1-8744-681904AE9FF6}
		{E35A87A2-6D65-4FFD-8E3D-385EAE7741F4} = {E3A4B844-93F2-44C1-8744-681904AE9FF6}
		{8CA9A682-C33B-4DC7-95DC-1F73851FB369} = {E3A4B844-93F2-44C1-8744-681904AE9FF6}
		{8907D612-A429-4D16-93F4-EFDEAC99BF58} = {A2DAC819-AB50-4D55-80DF-2D43602ED282}
		{15B81E40-4F7B-4ADB-B256-B3B4D11D3D9A} = {A2DAC819-AB50-4D55-80DF-2D43602ED282}
		{B38AD7A5-6B04-4DE9-A1C5-305CA6D71E54} = {E3A4B844-93F2-44C1-8744-681904AE9FF6}
		{D721C0FC-8436-41C5-9F1E-F1B0DD2186F2} = {A2DAC819-AB50-4D55-80DF-2D43602ED282}
		{4858207D-E761-4D0F-85AB-241B543B74ED} = {25536030-FDAB-4C28-B531-DB0944D91555}
		{25536030-FDAB-4C28-B531-DB0944D91555} = {421D4974-14D6-43AF-B00F-9AE19E11531D}
		{DCCA743F-0343-4480-8A5D-2F6971BECA74} = {10167E8D-31E1-42A2-9E00-4E3A63E2D446}
		{A13A0BED-FED2-44F4-A8F8-5A2C66857C8F} = {10167E8D-31E1-42A2-9E00-4E3A63E2D446}
		{052D4A8F-221E-4B90-AA9E-CE9873066196} = {A2DAC819-AB50-4D55-80DF-2D43602ED282}
		{0D63D9C6-74A4-4083-83F1-99C7E628990C} = {A2DAC819-AB50-4D55-80DF-2D43602ED282}
		{07BA5660-CD73-49AF-8D58-18BA65CAEF8B} = {D2A60212-CDED-4EDF-A4A8-F8817AC8E98B}
		{D2A60212-CDED-4EDF-A4A8-F8817AC8E98B} = {421D4974-14D6-43AF-B00F-9AE19E11531D}
		{F6E7279E-C695-4F26-BEE4-9BC8858624C6} = {A2DAC819-AB50-4D55-80DF-2D43602ED282}
		{37E12693-1F03-4A95-AE7C-5C9DA30F8328} = {E3A4B844-93F2-44C1-8744-681904AE9FF6}
		{4D314805-C106-454B-907B-22FB81AFCD8E} = {E3A4B844-93F2-44C1-8744-681904AE9FF6}
	EndGlobalSection
	GlobalSection(ExtensibilityGlobals) = postSolution
		SolutionGuid = {C0DA5E0B-6AD8-4F39-8F57-478C6AD7D4CA}
	EndGlobalSection
EndGlobal
